// !$*UTF8*$!
{
	archiveVersion = 1;
	classes = {
	};
	objectVersion = 48;
	objects = {

/* Begin PBXBuildFile section */
		B54E8EC41FD97FBA00D0A38B /* AppDelegate.swift in Sources */ = {isa = PBXBuildFile; fileRef = B54E8EC31FD97FBA00D0A38B /* AppDelegate.swift */; };
		B54E8EC61FD97FBA00D0A38B /* ViewController.swift in Sources */ = {isa = PBXBuildFile; fileRef = B54E8EC51FD97FBA00D0A38B /* ViewController.swift */; };
		B54E8EC91FD97FBA00D0A38B /* Main.storyboard in Resources */ = {isa = PBXBuildFile; fileRef = B54E8EC71FD97FBA00D0A38B /* Main.storyboard */; };
		B54E8ECB1FD97FBA00D0A38B /* Assets.xcassets in Resources */ = {isa = PBXBuildFile; fileRef = B54E8ECA1FD97FBA00D0A38B /* Assets.xcassets */; };
		B54E8ECE1FD97FBA00D0A38B /* LaunchScreen.storyboard in Resources */ = {isa = PBXBuildFile; fileRef = B54E8ECC1FD97FBA00D0A38B /* LaunchScreen.storyboard */; };
/* End PBXBuildFile section */

/* Begin PBXFileReference section */
		B54E8EC01FD97FBA00D0A38B /* oneplus.app */ = {isa = PBXFileReference; explicitFileType = wrapper.application; includeInIndex = 0; path = oneplus.app; sourceTree = BUILT_PRODUCTS_DIR; };
		B54E8EC31FD97FBA00D0A38B /* AppDelegate.swift */ = {isa = PBXFileReference; lastKnownFileType = sourcecode.swift; path = AppDelegate.swift; sourceTree = "<group>"; };
		B54E8EC51FD97FBA00D0A38B /* ViewController.swift */ = {isa = PBXFileReference; lastKnownFileType = sourcecode.swift; path = ViewController.swift; sourceTree = "<group>"; };
		B54E8EC81FD97FBA00D0A38B /* Base */ = {isa = PBXFileReference; lastKnownFileType = file.storyboard; name = Base; path = Base.lproj/Main.storyboard; sourceTree = "<group>"; };
		B54E8ECA1FD97FBA00D0A38B /* Assets.xcassets */ = {isa = PBXFileReference; lastKnownFileType = folder.assetcatalog; path = Assets.xcassets; sourceTree = "<group>"; };
		B54E8ECD1FD97FBA00D0A38B /* Base */ = {isa = PBXFileReference; lastKnownFileType = file.storyboard; name = Base; path = Base.lproj/LaunchScreen.storyboard; sourceTree = "<group>"; };
		B54E8ECF1FD97FBA00D0A38B /* Info.plist */ = {isa = PBXFileReference; lastKnownFileType = text.plist.xml; path = Info.plist; sourceTree = "<group>"; };
/* End PBXFileReference section */

/* Begin PBXFrameworksBuildPhase section */
		B54E8EBD1FD97FBA00D0A38B /* Frameworks */ = {
			isa = PBXFrameworksBuildPhase;
			buildActionMask = 2147483647;
			files = (
			);
			runOnlyForDeploymentPostprocessing = 0;
		};
/* End PBXFrameworksBuildPhase section */

/* Begin PBXGroup section */
		B54E8EB71FD97FBA00D0A38B = {
			isa = PBXGroup;
			children = (
				B54E8EC21FD97FBA00D0A38B /* oneplus */,
				B54E8EC11FD97FBA00D0A38B /* Products */,
			);
			sourceTree = "<group>";
		};
		B54E8EC11FD97FBA00D0A38B /* Products */ = {
			isa = PBXGroup;
			children = (
				B54E8EC01FD97FBA00D0A38B /* oneplus.app */,
			);
			name = Products;
			sourceTree = "<group>";
		};
		B54E8EC21FD97FBA00D0A38B /* oneplus */ = {
			isa = PBXGroup;
			children = (
				B54E8EC31FD97FBA00D0A38B /* AppDelegate.swift */,
				B54E8EC51FD97FBA00D0A38B /* ViewController.swift */,
				B54E8EC71FD97FBA00D0A38B /* Main.storyboard */,
				B54E8ECA1FD97FBA00D0A38B /* Assets.xcassets */,
				B54E8ECC1FD97FBA00D0A38B /* LaunchScreen.storyboard */,
				B54E8ECF1FD97FBA00D0A38B /* Info.plist */,
			);
			path = oneplus;
			sourceTree = "<group>";
		};
/* End PBXGroup section */

/* Begin PBXNativeTarget section */
		B54E8EBF1FD97FBA00D0A38B /* oneplus */ = {
			isa = PBXNativeTarget;
			buildConfigurationList = B54E8ED21FD97FBA00D0A38B /* Build configuration list for PBXNativeTarget "oneplus" */;
			buildPhases = (
				B54E8EBC1FD97FBA00D0A38B /* Sources */,
				B54E8EBD1FD97FBA00D0A38B /* Frameworks */,
				B54E8EBE1FD97FBA00D0A38B /* Resources */,
			);
			buildRules = (
			);
			dependencies = (
			);
			name = oneplus;
			productName = oneplus;
			productReference = B54E8EC01FD97FBA00D0A38B /* oneplus.app */;
			productType = "com.apple.product-type.application";
		};
/* End PBXNativeTarget section */

/* Begin PBXProject section */
		B54E8EB81FD97FBA00D0A38B /* Project object */ = {
			isa = PBXProject;
			attributes = {
				LastSwiftUpdateCheck = 0900;
				LastUpgradeCheck = 0900;
				ORGANIZATIONNAME = liu;
				TargetAttributes = {
					B54E8EBF1FD97FBA00D0A38B = {
						CreatedOnToolsVersion = 9.0.1;
						ProvisioningStyle = Automatic;
					};
				};
			};
			buildConfigurationList = B54E8EBB1FD97FBA00D0A38B /* Build configuration list for PBXProject "oneplus" */;
			compatibilityVersion = "Xcode 8.0";
			developmentRegion = en;
			hasScannedForEncodings = 0;
			knownRegions = (
				en,
				Base,
			);
			mainGroup = B54E8EB71FD97FBA00D0A38B;
			productRefGroup = B54E8EC11FD97FBA00D0A38B /* Products */;
			projectDirPath = "";
			projectRoot = "";
			targets = (
				B54E8EBF1FD97FBA00D0A38B /* oneplus */,
			);
		};
/* End PBXProject section */

/* Begin PBXResourcesBuildPhase section */
		B54E8EBE1FD97FBA00D0A38B /* Resources */ = {
			isa = PBXResourcesBuildPhase;
			buildActionMask = 2147483647;
			files = (
				B54E8ECE1FD97FBA00D0A38B /* LaunchScreen.storyboard in Resources */,
				B54E8ECB1FD97FBA00D0A38B /* Assets.xcassets in Resources */,
				B54E8EC91FD97FBA00D0A38B /* Main.storyboard in Resources */,
			);
			runOnlyForDeploymentPostprocessing = 0;
		};
/* End PBXResourcesBuildPhase section */

/* Begin PBXSourcesBuildPhase section */
		B54E8EBC1FD97FBA00D0A38B /* Sources */ = {
			isa = PBXSourcesBuildPhase;
			buildActionMask = 2147483647;
			files = (
				B54E8EC61FD97FBA00D0A38B /* ViewController.swift in Sources */,
				B54E8EC41FD97FBA00D0A38B /* AppDelegate.swift in Sources */,
			);
			runOnlyForDeploymentPostprocessing = 0;
		};
/* End PBXSourcesBuildPhase section */

/* Begin PBXVariantGroup section */
		B54E8EC71FD97FBA00D0A38B /* Main.storyboard */ = {
			isa = PBXVariantGroup;
			children = (
				B54E8EC81FD97FBA00D0A38B /* Base */,
			);
			name = Main.storyboard;
			sourceTree = "<group>";
		};
		B54E8ECC1FD97FBA00D0A38B /* LaunchScreen.storyboard */ = {
			isa = PBXVariantGroup;
			children = (
				B54E8ECD1FD97FBA00D0A38B /* Base */,
			);
			name = LaunchScreen.storyboard;
			sourceTree = "<group>";
		};
/* End PBXVariantGroup section */

/* Begin XCBuildConfiguration section */
		B54E8ED01FD97FBA00D0A38B /* Debug */ = {
			isa = XCBuildConfiguration;
			buildSettings = {
				ALWAYS_SEARCH_USER_PATHS = NO;
				CLANG_ANALYZER_NONNULL = YES;
				CLANG_ANALYZER_NUMBER_OBJECT_CONVERSION = YES_AGGRESSIVE;
				CLANG_CXX_LANGUAGE_STANDARD = "gnu++14";
				CLANG_CXX_LIBRARY = "libc++";
				CLANG_ENABLE_MODULES = YES;
				CLANG_ENABLE_OBJC_ARC = YES;
				CLANG_WARN_BLOCK_CAPTURE_AUTORELEASING = YES;
				CLANG_WARN_BOOL_CONVERSION = YES;
				CLANG_WARN_COMMA = YES;
				CLANG_WARN_CONSTANT_CONVERSION = YES;
				CLANG_WARN_DIRECT_OBJC_ISA_USAGE = YES_ERROR;
				CLANG_WARN_DOCUMENTATION_COMMENTS = YES;
				CLANG_WARN_EMPTY_BODY = YES;
				CLANG_WARN_ENUM_CONVERSION = YES;
				CLANG_WARN_INFINITE_RECURSION = YES;
				CLANG_WARN_INT_CONVERSION = YES;
				CLANG_WARN_NON_LITERAL_NULL_CONVERSION = YES;
				CLANG_WARN_OBJC_LITERAL_CONVERSION = YES;
				CLANG_WARN_OBJC_ROOT_CLASS = YES_ERROR;
				CLANG_WARN_RANGE_LOOP_ANALYSIS = YES;
				CLANG_WARN_STRICT_PROTOTYPES = YES;
				CLANG_WARN_SUSPICIOUS_MOVE = YES;
				CLANG_WARN_UNGUARDED_AVAILABILITY = YES_AGGRESSIVE;
				CLANG_WARN_UNREACHABLE_CODE = YES;
				CLANG_WARN__DUPLICATE_METHOD_MATCH = YES;
				CODE_SIGN_IDENTITY = "iPhone Developer";
				COPY_PHASE_STRIP = NO;
				DEBUG_INFORMATION_FORMAT = dwarf;
				ENABLE_STRICT_OBJC_MSGSEND = YES;
				ENABLE_TESTABILITY = YES;
				GCC_C_LANGUAGE_STANDARD = gnu11;
				GCC_DYNAMIC_NO_PIC = NO;
				GCC_NO_COMMON_BLOCKS = YES;
				GCC_OPTIMIZATION_LEVEL = 0;
				GCC_PREPROCESSOR_DEFINITIONS = (
					"DEBUG=1",
					"$(inherited)",
				);
				GCC_WARN_64_TO_32_BIT_CONVERSION = YES;
				GCC_WARN_ABOUT_RETURN_TYPE = YES_ERROR;
				GCC_WARN_UNDECLARED_SELECTOR = YES;
				GCC_WARN_UNINITIALIZED_AUTOS = YES_AGGRESSIVE;
				GCC_WARN_UNUSED_FUNCTION = YES;
				GCC_WARN_UNUSED_VARIABLE = YES;
				IPHONEOS_DEPLOYMENT_TARGET = 11.0;
				MTL_ENABLE_DEBUG_INFO = YES;
				ONLY_ACTIVE_ARCH = YES;
				SDKROOT = iphoneos;
				SWIFT_ACTIVE_COMPILATION_CONDITIONS = DEBUG;
				SWIFT_OPTIMIZATION_LEVEL = "-Onone";
			};
			name = Debug;
		};
		B54E8ED11FD97FBA00D0A38B /* Release */ = {
			isa = XCBuildConfiguration;
			buildSettings = {
				ALWAYS_SEARCH_USER_PATHS = NO;
				CLANG_ANALYZER_NONNULL = YES;
				CLANG_ANALYZER_NUMBER_OBJECT_CONVERSION = YES_AGGRESSIVE;
				CLANG_CXX_LANGUAGE_STANDARD = "gnu++14";
				CLANG_CXX_LIBRARY = "libc++";
				CLANG_ENABLE_MODULES = YES;
				CLANG_ENABLE_OBJC_ARC = YES;
				CLANG_WARN_BLOCK_CAPTURE_AUTORELEASING = YES;
				CLANG_WARN_BOOL_CONVERSION = YES;
				CLANG_WARN_COMMA = YES;
				CLANG_WARN_CONSTANT_CONVERSION = YES;
				CLANG_WARN_DIRECT_OBJC_ISA_USAGE = YES_ERROR;
				CLANG_WARN_DOCUMENTATION_COMMENTS = YES;
				CLANG_WARN_EMPTY_BODY = YES;
				CLANG_WARN_ENUM_CONVERSION = YES;
				CLANG_WARN_INFINITE_RECURSION = YES;
				CLANG_WARN_INT_CONVERSION = YES;
				CLANG_WARN_NON_LITERAL_NULL_CONVERSION = YES;
				CLANG_WARN_OBJC_LITERAL_CONVERSION = YES;
				CLANG_WARN_OBJC_ROOT_CLASS = YES_ERROR;
				CLANG_WARN_RANGE_LOOP_ANALYSIS = YES;
				CLANG_WARN_STRICT_PROTOTYPES = YES;
				CLANG_WARN_SUSPICIOUS_MOVE = YES;
				CLANG_WARN_UNGUARDED_AVAILABILITY = YES_AGGRESSIVE;
				CLANG_WARN_UNREACHABLE_CODE = YES;
				CLANG_WARN__DUPLICATE_METHOD_MATCH = YES;
				CODE_SIGN_IDENTITY = "iPhone Developer";
				COPY_PHASE_STRIP = NO;
				DEBUG_INFORMATION_FORMAT = "dwarf-with-dsym";
				ENABLE_NS_ASSERTIONS = NO;
				ENABLE_STRICT_OBJC_MSGSEND = YES;
				GCC_C_LANGUAGE_STANDARD = gnu11;
				GCC_NO_COMMON_BLOCKS = YES;
				GCC_WARN_64_TO_32_BIT_CONVERSION = YES;
				GCC_WARN_ABOUT_RETURN_TYPE = YES_ERROR;
				GCC_WARN_UNDECLARED_SELECTOR = YES;
				GCC_WARN_UNINITIALIZED_AUTOS = YES_AGGRESSIVE;
				GCC_WARN_UNUSED_FUNCTION = YES;
				GCC_WARN_UNUSED_VARIABLE = YES;
				IPHONEOS_DEPLOYMENT_TARGET = 11.0;
				MTL_ENABLE_DEBUG_INFO = NO;
				SDKROOT = iphoneos;
				SWIFT_OPTIMIZATION_LEVEL = "-Owholemodule";
				VALIDATE_PRODUCT = YES;
			};
			name = Release;
		};
		B54E8ED31FD97FBA00D0A38B /* Debug */ = {
			isa = XCBuildConfiguration;
			buildSettings = {
				ASSETCATALOG_COMPILER_APPICON_NAME = AppIcon;
				CODE_SIGN_STYLE = Automatic;
				DEVELOPMENT_TEAM = 62KYF3H5LN;
				INFOPLIST_FILE = oneplus/Info.plist;
				LD_RUNPATH_SEARCH_PATHS = "$(inherited) @executable_path/Frameworks";
				PRODUCT_BUNDLE_IDENTIFIER = liu.oneplus;
				PRODUCT_NAME = "$(TARGET_NAME)";
				SWIFT_VERSION = 4.0;
				TARGETED_DEVICE_FAMILY = "1,2";
			};
			name = Debug;
		};
		B54E8ED41FD97FBA00D0A38B /* Release */ = {
			isa = XCBuildConfiguration;
			buildSettings = {
				ASSETCATALOG_COMPILER_APPICON_NAME = AppIcon;
				CODE_SIGN_STYLE = Automatic;
				DEVELOPMENT_TEAM = 62KYF3H5LN;
				INFOPLIST_FILE = oneplus/Info.plist;
				LD_RUNPATH_SEARCH_PATHS = "$(inherited) @executable_path/Frameworks";
				PRODUCT_BUNDLE_IDENTIFIER = liu.oneplus;
				PRODUCT_NAME = "$(TARGET_NAME)";
				SWIFT_VERSION = 4.0;
				TARGETED_DEVICE_FAMILY = "1,2";
			};
			name = Release;
		};
/* End XCBuildConfiguration section */

/* Begin XCConfigurationList section */
		B54E8EBB1FD97FBA00D0A38B /* Build configuration list for PBXProject "oneplus" */ = {
			isa = XCConfigurationList;
			buildConfigurations = (
				B54E8ED01FD97FBA00D0A38B /* Debug */,
				B54E8ED11FD97FBA00D0A38B /* Release */,
			);
			defaultConfigurationIsVisible = 0;
			defaultConfigurationName = Release;
		};
		B54E8ED21FD97FBA00D0A38B /* Build configuration list for PBXNativeTarget "oneplus" */ = {
			isa = XCConfigurationList;
			buildConfigurations = (
				B54E8ED31FD97FBA00D0A38B /* Debug */,
				B54E8ED41FD97FBA00D0A38B /* Release */,
			);
			defaultConfigurationIsVisible = 0;
			defaultConfigurationName = Release;
		};
/* End XCConfigurationList section */
	};
	rootObject = B54E8EB81FD97FBA00D0A38B /* Project object */;
}
